
Microsoft Visual Studio Solution File, Format Version 11.00
# Visual Studio 2010
Project("{F184B08F-C81C-45F6-A57F-5ABD9991F28F}") = "HHS STATIONERY MANAGEMENT SYSTEM", "HHS STATIONERY MANAGEMENT SYSTEM\HHS STATIONERY MANAGEMENT SYSTEM.vbproj", "{6E713C26-A0B2-4DE6-A6DB-6936F7A59E1F}"
EndProject
Global
	GlobalSection(SolutionConfigurationPlatforms) = preSolution
		Debug|x86 = Debug|x86
		Release|x86 = Release|x86
	EndGlobalSection
	GlobalSection(ProjectConfigurationPlatforms) = postSolution
		{6E713C26-A0B2-4DE6-A6DB-6936F7A59E1F}.Debug|x86.ActiveCfg = Debug|x86 
		{6E713C26-A0B2-4DE6-A6DB-6936F7A59E1F}.Debug|x86.Build.0 = Debug|x86 
		{6E713C26-A0B2-4DE6-A6DB-6936F7A59E1F}.Release|x86.ActiveCfg = Release|x86  
	EndGlobalSection 
	GlobalSection(SolutionProperties) = preSolution
		HideSolutionNode = FALSE
	EndGlobalSection
EndGlobal
